// !$*UTF8*$!
{
	archiveVersion = 1;
	classes = {
	};
	objectVersion = 63;
	objects = {

/* Begin PBXBuildFile section */
		F01307F42D88F2C500C4A04D /* FirebaseAnalytics in Frameworks */ = {isa = PBXBuildFile; productRef = F01307F32D88F2C500C4A04D /* FirebaseAnalytics */; };
		F01307F62D88F2C500C4A04D /* FirebaseCore in Frameworks */ = {isa = PBXBuildFile; productRef = F01307F52D88F2C500C4A04D /* FirebaseCore */; };
		F01307F82D88F2C500C4A04D /* FirebaseDatabase in Frameworks */ = {isa = PBXBuildFile; productRef = F01307F72D88F2C500C4A04D /* FirebaseDatabase */; };
		F01307FA2D88F2C500C4A04D /* FirebaseMessaging in Frameworks */ = {isa = PBXBuildFile; productRef = F01307F92D88F2C500C4A04D /* FirebaseMessaging */; };
		F01307FC2D88F2C500C4A04D /* FirebaseRemoteConfig in Frameworks */ = {isa = PBXBuildFile; productRef = F01307FB2D88F2C500C4A04D /* FirebaseRemoteConfig */; };
		F0AF3FEA2D90DC0200E75C97 /* .gitignore in Resources */ = {isa = PBXBuildFile; fileRef = F0AF3FE92D90DC0200E75C97 /* .gitignore */; };
		F0AF41942D911D1700E75C97 /* RemoteConfigViewModel.swift in Sources */ = {isa = PBXBuildFile; fileRef = F0AF418B2D911D1700E75C97 /* RemoteConfigViewModel.swift */; };
		F0AF41952D911D1700E75C97 /* Item.swift in Sources */ = {isa = PBXBuildFile; fileRef = F0AF41912D911D1700E75C97 /* Item.swift */; };
		F0AF41962D911D1700E75C97 /* ListItemModel.swift in Sources */ = {isa = PBXBuildFile; fileRef = F0AF41832D911D1700E75C97 /* ListItemModel.swift */; };
		F0AF41972D911D1700E75C97 /* TestModeSwiftUIView.swift in Sources */ = {isa = PBXBuildFile; fileRef = F0AF41892D911D1700E75C97 /* TestModeSwiftUIView.swift */; };
		F0AF41982D911D1700E75C97 /* TestModeRemoteConfigViewModel.swift in Sources */ = {isa = PBXBuildFile; fileRef = F0AF418C2D911D1700E75C97 /* TestModeRemoteConfigViewModel.swift */; };
		F0AF41992D911D1700E75C97 /* TnearCICDTestApp.swift in Sources */ = {isa = PBXBuildFile; fileRef = F0AF41812D911D1700E75C97 /* TnearCICDTestApp.swift */; };
		F0AF419A2D911D1700E75C97 /* MainUISwiftUIView.swift in Sources */ = {isa = PBXBuildFile; fileRef = F0AF41882D911D1700E75C97 /* MainUISwiftUIView.swift */; };
		F0AF419B2D911D1700E75C97 /* ContentView.swift in Sources */ = {isa = PBXBuildFile; fileRef = F0AF418F2D911D1700E75C97 /* ContentView.swift */; };
		F0AF419C2D911D1700E75C97 /* TestModeListModel.swift in Sources */ = {isa = PBXBuildFile; fileRef = F0AF41842D911D1700E75C97 /* TestModeListModel.swift */; };
		F0AF419D2D911D1700E75C97 /* GoogleService-Info.plist in Resources */ = {isa = PBXBuildFile; fileRef = F0AF41902D911D1700E75C97 /* GoogleService-Info.plist */; };
		F0AF419E2D911D1700E75C97 /* Preview Assets.xcassets in Resources */ = {isa = PBXBuildFile; fileRef = F0AF41862D911D1700E75C97 /* Preview Assets.xcassets */; };
		F0AF419F2D911D1700E75C97 /* Assets.xcassets in Resources */ = {isa = PBXBuildFile; fileRef = F0AF418E2D911D1700E75C97 /* Assets.xcassets */; };
/* End PBXBuildFile section */

/* Begin PBXFileReference section */
		F01307C22D87FD1F00C4A04D /* TnearCICDTest.app */ = {isa = PBXFileReference; explicitFileType = wrapper.application; includeInIndex = 0; path = TnearCICDTest.app; sourceTree = BUILT_PRODUCTS_DIR; };
		F0AF3FE92D90DC0200E75C97 /* .gitignore */ = {isa = PBXFileReference; lastKnownFileType = text; path = .gitignore; sourceTree = "<group>"; };
		F0AF41812D911D1700E75C97 /* TnearCICDTestApp.swift */ = {isa = PBXFileReference; lastKnownFileType = sourcecode.swift; path = TnearCICDTestApp.swift; sourceTree = "<group>"; };
		F0AF41832D911D1700E75C97 /* ListItemModel.swift */ = {isa = PBXFileReference; lastKnownFileType = sourcecode.swift; path = ListItemModel.swift; sourceTree = "<group>"; };
		F0AF41842D911D1700E75C97 /* TestModeListModel.swift */ = {isa = PBXFileReference; lastKnownFileType = sourcecode.swift; path = TestModeListModel.swift; sourceTree = "<group>"; };
		F0AF41862D911D1700E75C97 /* Preview Assets.xcassets */ = {isa = PBXFileReference; lastKnownFileType = folder.assetcatalog; path = "Preview Assets.xcassets"; sourceTree = "<group>"; };
		F0AF41882D911D1700E75C97 /* MainUISwiftUIView.swift */ = {isa = PBXFileReference; lastKnownFileType = sourcecode.swift; path = MainUISwiftUIView.swift; sourceTree = "<group>"; };
		F0AF41892D911D1700E75C97 /* TestModeSwiftUIView.swift */ = {isa = PBXFileReference; lastKnownFileType = sourcecode.swift; path = TestModeSwiftUIView.swift; sourceTree = "<group>"; };
		F0AF418B2D911D1700E75C97 /* RemoteConfigViewModel.swift */ = {isa = PBXFileReference; lastKnownFileType = sourcecode.swift; path = RemoteConfigViewModel.swift; sourceTree = "<group>"; };
		F0AF418C2D911D1700E75C97 /* TestModeRemoteConfigViewModel.swift */ = {isa = PBXFileReference; lastKnownFileType = sourcecode.swift; path = TestModeRemoteConfigViewModel.swift; sourceTree = "<group>"; };
		F0AF418E2D911D1700E75C97 /* Assets.xcassets */ = {isa = PBXFileReference; lastKnownFileType = folder.assetcatalog; path = Assets.xcassets; sourceTree = "<group>"; };
		F0AF418F2D911D1700E75C97 /* ContentView.swift */ = {isa = PBXFileReference; lastKnownFileType = sourcecode.swift; path = ContentView.swift; sourceTree = "<group>"; };
		F0AF41902D911D1700E75C97 /* GoogleService-Info.plist */ = {isa = PBXFileReference; lastKnownFileType = text.plist.xml; path = "GoogleService-Info.plist"; sourceTree = "<group>"; };
		F0AF41912D911D1700E75C97 /* Item.swift */ = {isa = PBXFileReference; lastKnownFileType = sourcecode.swift; path = Item.swift; sourceTree = "<group>"; };
		F0AF41922D911D1700E75C97 /* TnearCICDTest.entitlements */ = {isa = PBXFileReference; lastKnownFileType = text.plist.entitlements; path = TnearCICDTest.entitlements; sourceTree = "<group>"; };
/* End PBXFileReference section */

/* Begin PBXFrameworksBuildPhase section */
		F01307BF2D87FD1F00C4A04D /* Frameworks */ = {
			isa = PBXFrameworksBuildPhase;
			buildActionMask = 2147483647;
			files = (
				F01307FA2D88F2C500C4A04D /* FirebaseMessaging in Frameworks */,
				F01307F82D88F2C500C4A04D /* FirebaseDatabase in Frameworks */,
				F01307F62D88F2C500C4A04D /* FirebaseCore in Frameworks */,
				F01307F42D88F2C500C4A04D /* FirebaseAnalytics in Frameworks */,
				F01307FC2D88F2C500C4A04D /* FirebaseRemoteConfig in Frameworks */,
			);
			runOnlyForDeploymentPostprocessing = 0;
		};
/* End PBXFrameworksBuildPhase section */

/* Begin PBXGroup section */
		F01307B92D87FD1F00C4A04D = {
			isa = PBXGroup;
			children = (
				F0AF41932D911D1700E75C97 /* TnearCICDTest */,
				F0AF3FE92D90DC0200E75C97 /* .gitignore */,
				F01307C32D87FD1F00C4A04D /* Products */,
				F0256F792D911DF00054D846 /* Frameworks */,
			);
			sourceTree = "<group>";
		};
		F01307C32D87FD1F00C4A04D /* Products */ = {
			isa = PBXGroup;
			children = (
				F01307C22D87FD1F00C4A04D /* TnearCICDTest.app */,
			);
			name = Products;
			sourceTree = "<group>";
		};
		F0256F792D911DF00054D846 /* Frameworks */ = {
			isa = PBXGroup;
			children = (
			);
			name = Frameworks;
			sourceTree = "<group>";
		};
		F0AF41822D911D1700E75C97 /* App */ = {
			isa = PBXGroup;
			children = (
				F0AF41812D911D1700E75C97 /* TnearCICDTestApp.swift */,
			);
			path = App;
			sourceTree = "<group>";
		};
		F0AF41852D911D1700E75C97 /* Model */ = {
			isa = PBXGroup;
			children = (
				F0AF41832D911D1700E75C97 /* ListItemModel.swift */,
				F0AF41842D911D1700E75C97 /* TestModeListModel.swift */,
			);
			path = Model;
			sourceTree = "<group>";
		};
		F0AF41872D911D1700E75C97 /* Preview Content */ = {
			isa = PBXGroup;
			children = (
				F0AF41862D911D1700E75C97 /* Preview Assets.xcassets */,
			);
			path = "Preview Content";
			sourceTree = "<group>";
		};
		F0AF418A2D911D1700E75C97 /* View */ = {
			isa = PBXGroup;
			children = (
				F0AF41882D911D1700E75C97 /* MainUISwiftUIView.swift */,
				F0AF41892D911D1700E75C97 /* TestModeSwiftUIView.swift */,
			);
			path = View;
			sourceTree = "<group>";
		};
		F0AF418D2D911D1700E75C97 /* ViewModel */ = {
			isa = PBXGroup;
			children = (
				F0AF418B2D911D1700E75C97 /* RemoteConfigViewModel.swift */,
				F0AF418C2D911D1700E75C97 /* TestModeRemoteConfigViewModel.swift */,
			);
			path = ViewModel;
			sourceTree = "<group>";
		};
		F0AF41932D911D1700E75C97 /* TnearCICDTest */ = {
			isa = PBXGroup;
			children = (
				F0AF41822D911D1700E75C97 /* App */,
				F0AF41852D911D1700E75C97 /* Model */,
				F0AF41872D911D1700E75C97 /* Preview Content */,
				F0AF418A2D911D1700E75C97 /* View */,
				F0AF418D2D911D1700E75C97 /* ViewModel */,
				F0AF418E2D911D1700E75C97 /* Assets.xcassets */,
				F0AF418F2D911D1700E75C97 /* ContentView.swift */,
				F0AF41902D911D1700E75C97 /* GoogleService-Info.plist */,
				F0AF41912D911D1700E75C97 /* Item.swift */,
				F0AF41922D911D1700E75C97 /* TnearCICDTest.entitlements */,
			);
			path = TnearCICDTest;
			sourceTree = "<group>";
		};
/* End PBXGroup section */

/* Begin PBXNativeTarget section */
		F01307C12D87FD1F00C4A04D /* TnearCICDTest */ = {
			isa = PBXNativeTarget;
			buildConfigurationList = F01307E82D87FD2000C4A04D /* Build configuration list for PBXNativeTarget "TnearCICDTest" */;
			buildPhases = (
				F01307BE2D87FD1F00C4A04D /* Sources */,
				F01307BF2D87FD1F00C4A04D /* Frameworks */,
				F01307C02D87FD1F00C4A04D /* Resources */,
			);
			buildRules = (
			);
			dependencies = (
			);
			name = TnearCICDTest;
			packageProductDependencies = (
				F01307F32D88F2C500C4A04D /* FirebaseAnalytics */,
				F01307F52D88F2C500C4A04D /* FirebaseCore */,
				F01307F72D88F2C500C4A04D /* FirebaseDatabase */,
				F01307F92D88F2C500C4A04D /* FirebaseMessaging */,
				F01307FB2D88F2C500C4A04D /* FirebaseRemoteConfig */,
			);
			productName = TnearCICDTest;
			productReference = F01307C22D87FD1F00C4A04D /* TnearCICDTest.app */;
			productType = "com.apple.product-type.application";
		};
/* End PBXNativeTarget section */

/* Begin PBXProject section */
		F01307BA2D87FD1F00C4A04D /* Project object */ = {
			isa = PBXProject;
			attributes = {
				BuildIndependentTargetsInParallel = 1;
				LastSwiftUpdateCheck = 1620;
				LastUpgradeCheck = 1620;
				TargetAttributes = {
					F01307C12D87FD1F00C4A04D = {
						CreatedOnToolsVersion = 16.2;
					};
				};
			};
			buildConfigurationList = F01307BD2D87FD1F00C4A04D /* Build configuration list for PBXProject "TnearCICDTest" */;
			compatibilityVersion = "Xcode 15.0";
			developmentRegion = en;
			hasScannedForEncodings = 0;
			knownRegions = (
				en,
				Base,
			);
			mainGroup = F01307B92D87FD1F00C4A04D;
			minimizedProjectReferenceProxies = 1;
			packageReferences = (
				F01307F22D88F2C500C4A04D /* XCRemoteSwiftPackageReference "firebase-ios-sdk" */,
			);
			productRefGroup = F01307C32D87FD1F00C4A04D /* Products */;
			projectDirPath = "";
			projectRoot = "";
			targets = (
				F01307C12D87FD1F00C4A04D /* TnearCICDTest */,
			);
		};
/* End PBXProject section */

/* Begin PBXResourcesBuildPhase section */
		F01307C02D87FD1F00C4A04D /* Resources */ = {
			isa = PBXResourcesBuildPhase;
			buildActionMask = 2147483647;
			files = (
				F0AF3FEA2D90DC0200E75C97 /* .gitignore in Resources */,
				F0AF419D2D911D1700E75C97 /* GoogleService-Info.plist in Resources */,
				F0AF419E2D911D1700E75C97 /* Preview Assets.xcassets in Resources */,
				F0AF419F2D911D1700E75C97 /* Assets.xcassets in Resources */,
			);
			runOnlyForDeploymentPostprocessing = 0;
		};
/* End PBXResourcesBuildPhase section */

/* Begin PBXSourcesBuildPhase section */
		F01307BE2D87FD1F00C4A04D /* Sources */ = {
			isa = PBXSourcesBuildPhase;
			buildActionMask = 2147483647;
			files = (
				F0AF41942D911D1700E75C97 /* RemoteConfigViewModel.swift in Sources */,
				F0AF41952D911D1700E75C97 /* Item.swift in Sources */,
				F0AF41962D911D1700E75C97 /* ListItemModel.swift in Sources */,
				F0AF41972D911D1700E75C97 /* TestModeSwiftUIView.swift in Sources */,
				F0AF41982D911D1700E75C97 /* TestModeRemoteConfigViewModel.swift in Sources */,
				F0AF41992D911D1700E75C97 /* TnearCICDTestApp.swift in Sources */,
				F0AF419A2D911D1700E75C97 /* MainUISwiftUIView.swift in Sources */,
				F0AF419B2D911D1700E75C97 /* ContentView.swift in Sources */,
				F0AF419C2D911D1700E75C97 /* TestModeListModel.swift in Sources */,
			);
			runOnlyForDeploymentPostprocessing = 0;
		};
/* End PBXSourcesBuildPhase section */

/* Begin XCBuildConfiguration section */
		F01307E62D87FD2000C4A04D /* Debug */ = {
			isa = XCBuildConfiguration;
			buildSettings = {
				ALWAYS_SEARCH_USER_PATHS = NO;
				ASSETCATALOG_COMPILER_GENERATE_SWIFT_ASSET_SYMBOL_EXTENSIONS = YES;
				CLANG_ANALYZER_NONNULL = YES;
				CLANG_ANALYZER_NUMBER_OBJECT_CONVERSION = YES_AGGRESSIVE;
				CLANG_CXX_LANGUAGE_STANDARD = "gnu++20";
				CLANG_ENABLE_MODULES = YES;
				CLANG_ENABLE_OBJC_ARC = YES;
				CLANG_ENABLE_OBJC_WEAK = YES;
				CLANG_WARN_BLOCK_CAPTURE_AUTORELEASING = YES;
				CLANG_WARN_BOOL_CONVERSION = YES;
				CLANG_WARN_COMMA = YES;
				CLANG_WARN_CONSTANT_CONVERSION = YES;
				CLANG_WARN_DEPRECATED_OBJC_IMPLEMENTATIONS = YES;
				CLANG_WARN_DIRECT_OBJC_ISA_USAGE = YES_ERROR;
				CLANG_WARN_DOCUMENTATION_COMMENTS = YES;
				CLANG_WARN_EMPTY_BODY = YES;
				CLANG_WARN_ENUM_CONVERSION = YES;
				CLANG_WARN_INFINITE_RECURSION = YES;
				CLANG_WARN_INT_CONVERSION = YES;
				CLANG_WARN_NON_LITERAL_NULL_CONVERSION = YES;
				CLANG_WARN_OBJC_IMPLICIT_RETAIN_SELF = YES;
				CLANG_WARN_OBJC_LITERAL_CONVERSION = YES;
				CLANG_WARN_OBJC_ROOT_CLASS = YES_ERROR;
				CLANG_WARN_QUOTED_INCLUDE_IN_FRAMEWORK_HEADER = YES;
				CLANG_WARN_RANGE_LOOP_ANALYSIS = YES;
				CLANG_WARN_STRICT_PROTOTYPES = YES;
				CLANG_WARN_SUSPICIOUS_MOVE = YES;
				CLANG_WARN_UNGUARDED_AVAILABILITY = YES_AGGRESSIVE;
				CLANG_WARN_UNREACHABLE_CODE = YES;
				CLANG_WARN__DUPLICATE_METHOD_MATCH = YES;
				COPY_PHASE_STRIP = NO;
				DEBUG_INFORMATION_FORMAT = dwarf;
				ENABLE_STRICT_OBJC_MSGSEND = YES;
				ENABLE_TESTABILITY = YES;
				ENABLE_USER_SCRIPT_SANDBOXING = YES;
				GCC_C_LANGUAGE_STANDARD = gnu17;
				GCC_DYNAMIC_NO_PIC = NO;
				GCC_NO_COMMON_BLOCKS = YES;
				GCC_OPTIMIZATION_LEVEL = 0;
				GCC_PREPROCESSOR_DEFINITIONS = (
					"DEBUG=1",
					"$(inherited)",
				);
				GCC_WARN_64_TO_32_BIT_CONVERSION = YES;
				GCC_WARN_ABOUT_RETURN_TYPE = YES_ERROR;
				GCC_WARN_UNDECLARED_SELECTOR = YES;
				GCC_WARN_UNINITIALIZED_AUTOS = YES_AGGRESSIVE;
				GCC_WARN_UNUSED_FUNCTION = YES;
				GCC_WARN_UNUSED_VARIABLE = YES;
				IPHONEOS_DEPLOYMENT_TARGET = 18.2;
				LOCALIZATION_PREFERS_STRING_CATALOGS = YES;
				MTL_ENABLE_DEBUG_INFO = INCLUDE_SOURCE;
				MTL_FAST_MATH = YES;
				ONLY_ACTIVE_ARCH = YES;
				SDKROOT = iphoneos;
				SWIFT_ACTIVE_COMPILATION_CONDITIONS = "DEBUG $(inherited)";
				SWIFT_OPTIMIZATION_LEVEL = "-Onone";
			};
			name = Debug;
		};
		F01307E72D87FD2000C4A04D /* Release */ = {
			isa = XCBuildConfiguration;
			buildSettings = {
				ALWAYS_SEARCH_USER_PATHS = NO;
				ASSETCATALOG_COMPILER_GENERATE_SWIFT_ASSET_SYMBOL_EXTENSIONS = YES;
				CLANG_ANALYZER_NONNULL = YES;
				CLANG_ANALYZER_NUMBER_OBJECT_CONVERSION = YES_AGGRESSIVE;
				CLANG_CXX_LANGUAGE_STANDARD = "gnu++20";
				CLANG_ENABLE_MODULES = YES;
				CLANG_ENABLE_OBJC_ARC = YES;
				CLANG_ENABLE_OBJC_WEAK = YES;
				CLANG_WARN_BLOCK_CAPTURE_AUTORELEASING = YES;
				CLANG_WARN_BOOL_CONVERSION = YES;
				CLANG_WARN_COMMA = YES;
				CLANG_WARN_CONSTANT_CONVERSION = YES;
				CLANG_WARN_DEPRECATED_OBJC_IMPLEMENTATIONS = YES;
				CLANG_WARN_DIRECT_OBJC_ISA_USAGE = YES_ERROR;
				CLANG_WARN_DOCUMENTATION_COMMENTS = YES;
				CLANG_WARN_EMPTY_BODY = YES;
				CLANG_WARN_ENUM_CONVERSION = YES;
				CLANG_WARN_INFINITE_RECURSION = YES;
				CLANG_WARN_INT_CONVERSION = YES;
				CLANG_WARN_NON_LITERAL_NULL_CONVERSION = YES;
				CLANG_WARN_OBJC_IMPLICIT_RETAIN_SELF = YES;
				CLANG_WARN_OBJC_LITERAL_CONVERSION = YES;
				CLANG_WARN_OBJC_ROOT_CLASS = YES_ERROR;
				CLANG_WARN_QUOTED_INCLUDE_IN_FRAMEWORK_HEADER = YES;
				CLANG_WARN_RANGE_LOOP_ANALYSIS = YES;
				CLANG_WARN_STRICT_PROTOTYPES = YES;
				CLANG_WARN_SUSPICIOUS_MOVE = YES;
				CLANG_WARN_UNGUARDED_AVAILABILITY = YES_AGGRESSIVE;
				CLANG_WARN_UNREACHABLE_CODE = YES;
				CLANG_WARN__DUPLICATE_METHOD_MATCH = YES;
				COPY_PHASE_STRIP = NO;
				DEBUG_INFORMATION_FORMAT = "dwarf-with-dsym";
				ENABLE_NS_ASSERTIONS = NO;
				ENABLE_STRICT_OBJC_MSGSEND = YES;
				ENABLE_USER_SCRIPT_SANDBOXING = YES;
				GCC_C_LANGUAGE_STANDARD = gnu17;
				GCC_NO_COMMON_BLOCKS = YES;
				GCC_WARN_64_TO_32_BIT_CONVERSION = YES;
				GCC_WARN_ABOUT_RETURN_TYPE = YES_ERROR;
				GCC_WARN_UNDECLARED_SELECTOR = YES;
				GCC_WARN_UNINITIALIZED_AUTOS = YES_AGGRESSIVE;
				GCC_WARN_UNUSED_FUNCTION = YES;
				GCC_WARN_UNUSED_VARIABLE = YES;
				IPHONEOS_DEPLOYMENT_TARGET = 18.2;
				LOCALIZATION_PREFERS_STRING_CATALOGS = YES;
				MTL_ENABLE_DEBUG_INFO = NO;
				MTL_FAST_MATH = YES;
				SDKROOT = iphoneos;
				SWIFT_COMPILATION_MODE = wholemodule;
				VALIDATE_PRODUCT = YES;
			};
			name = Release;
		};
		F01307E92D87FD2000C4A04D /* Debug */ = {
			isa = XCBuildConfiguration;
			buildSettings = {
				ASSETCATALOG_COMPILER_APPICON_NAME = AppIcon;
				ASSETCATALOG_COMPILER_GLOBAL_ACCENT_COLOR_NAME = AccentColor;
				CODE_SIGN_ENTITLEMENTS = TnearCICDTest/TnearCICDTest.entitlements;
				CODE_SIGN_IDENTITY = "Apple Development";
				CODE_SIGN_STYLE = Automatic;
				CURRENT_PROJECT_VERSION = 3;
				DEVELOPMENT_ASSET_PATHS = "\"TnearCICDTest/Preview Content\"";
				DEVELOPMENT_TEAM = 27WJDMWS6V;
				ENABLE_PREVIEWS = YES;
				GENERATE_INFOPLIST_FILE = YES;
				INFOPLIST_KEY_CFBundleDisplayName = "Tnear CI/CD - Test";
				INFOPLIST_KEY_UIApplicationSceneManifest_Generation = YES;
				INFOPLIST_KEY_UIApplicationSupportsIndirectInputEvents = YES;
				INFOPLIST_KEY_UILaunchScreen_Generation = YES;
				INFOPLIST_KEY_UISupportedInterfaceOrientations_iPad = "UIInterfaceOrientationPortrait UIInterfaceOrientationPortraitUpsideDown UIInterfaceOrientationLandscapeLeft UIInterfaceOrientationLandscapeRight";
				INFOPLIST_KEY_UISupportedInterfaceOrientations_iPhone = "UIInterfaceOrientationPortrait UIInterfaceOrientationLandscapeLeft UIInterfaceOrientationLandscapeRight";
				IPHONEOS_DEPLOYMENT_TARGET = 17.0;
				LD_RUNPATH_SEARCH_PATHS = (
					"$(inherited)",
					"@executable_path/Frameworks",
				);
				MARKETING_VERSION = 1.0.0;
				PRODUCT_BUNDLE_IDENTIFIER = com.idealapp.githubcicdtest;
				PRODUCT_NAME = "$(TARGET_NAME)";
				PROVISIONING_PROFILE_SPECIFIER = "";
				SWIFT_EMIT_LOC_STRINGS = YES;
				SWIFT_VERSION = 5.0;
				TARGETED_DEVICE_FAMILY = "1,2";
			};
			name = Debug;
		};
		F01307EA2D87FD2000C4A04D /* Release */ = {
			isa = XCBuildConfiguration;
			buildSettings = {
				ASSETCATALOG_COMPILER_APPICON_NAME = AppIcon;
				ASSETCATALOG_COMPILER_GLOBAL_ACCENT_COLOR_NAME = AccentColor;
				CODE_SIGN_ENTITLEMENTS = TnearCICDTest/TnearCICDTest.entitlements;
				CODE_SIGN_IDENTITY = "Apple Development";
				CODE_SIGN_STYLE = Automatic;
				CURRENT_PROJECT_VERSION = 3;
				DEVELOPMENT_ASSET_PATHS = "\"TnearCICDTest/Preview Content\"";
				DEVELOPMENT_TEAM = 27WJDMWS6V;
				ENABLE_PREVIEWS = YES;
				GENERATE_INFOPLIST_FILE = YES;
				INFOPLIST_KEY_CFBundleDisplayName = "Tnear CI/CD - Test";
				INFOPLIST_KEY_UIApplicationSceneManifest_Generation = YES;
				INFOPLIST_KEY_UIApplicationSupportsIndirectInputEvents = YES;
				INFOPLIST_KEY_UILaunchScreen_Generation = YES;
				INFOPLIST_KEY_UISupportedInterfaceOrientations_iPad = "UIInterfaceOrientationPortrait UIInterfaceOrientationPortraitUpsideDown UIInterfaceOrientationLandscapeLeft UIInterfaceOrientationLandscapeRight";
				INFOPLIST_KEY_UISupportedInterfaceOrientations_iPhone = "UIInterfaceOrientationPortrait UIInterfaceOrientationLandscapeLeft UIInterfaceOrientationLandscapeRight";
				IPHONEOS_DEPLOYMENT_TARGET = 17.0;
				LD_RUNPATH_SEARCH_PATHS = (
					"$(inherited)",
					"@executable_path/Frameworks",
				);
				MARKETING_VERSION = 1.0.0;
				PRODUCT_BUNDLE_IDENTIFIER = com.idealapp.githubcicdtest;
				PRODUCT_NAME = "$(TARGET_NAME)";
				PROVISIONING_PROFILE_SPECIFIER = "";
				SWIFT_EMIT_LOC_STRINGS = YES;
				SWIFT_VERSION = 5.0;
				TARGETED_DEVICE_FAMILY = "1,2";
			};
			name = Release;
		};
		F019E6022D890A080044B824 /* FirebaseRelease */ = {
			isa = XCBuildConfiguration;
			buildSettings = {
				ALWAYS_SEARCH_USER_PATHS = NO;
				ASSETCATALOG_COMPILER_GENERATE_SWIFT_ASSET_SYMBOL_EXTENSIONS = YES;
				CLANG_ANALYZER_NONNULL = YES;
				CLANG_ANALYZER_NUMBER_OBJECT_CONVERSION = YES_AGGRESSIVE;
				CLANG_CXX_LANGUAGE_STANDARD = "gnu++20";
				CLANG_ENABLE_MODULES = YES;
				CLANG_ENABLE_OBJC_ARC = YES;
				CLANG_ENABLE_OBJC_WEAK = YES;
				CLANG_WARN_BLOCK_CAPTURE_AUTORELEASING = YES;
				CLANG_WARN_BOOL_CONVERSION = YES;
				CLANG_WARN_COMMA = YES;
				CLANG_WARN_CONSTANT_CONVERSION = YES;
				CLANG_WARN_DEPRECATED_OBJC_IMPLEMENTATIONS = YES;
				CLANG_WARN_DIRECT_OBJC_ISA_USAGE = YES_ERROR;
				CLANG_WARN_DOCUMENTATION_COMMENTS = YES;
				CLANG_WARN_EMPTY_BODY = YES;
				CLANG_WARN_ENUM_CONVERSION = YES;
				CLANG_WARN_INFINITE_RECURSION = YES;
				CLANG_WARN_INT_CONVERSION = YES;
				CLANG_WARN_NON_LITERAL_NULL_CONVERSION = YES;
				CLANG_WARN_OBJC_IMPLICIT_RETAIN_SELF = YES;
				CLANG_WARN_OBJC_LITERAL_CONVERSION = YES;
				CLANG_WARN_OBJC_ROOT_CLASS = YES_ERROR;
				CLANG_WARN_QUOTED_INCLUDE_IN_FRAMEWORK_HEADER = YES;
				CLANG_WARN_RANGE_LOOP_ANALYSIS = YES;
				CLANG_WARN_STRICT_PROTOTYPES = YES;
				CLANG_WARN_SUSPICIOUS_MOVE = YES;
				CLANG_WARN_UNGUARDED_AVAILABILITY = YES_AGGRESSIVE;
				CLANG_WARN_UNREACHABLE_CODE = YES;
				CLANG_WARN__DUPLICATE_METHOD_MATCH = YES;
				COPY_PHASE_STRIP = NO;
				DEBUG_INFORMATION_FORMAT = "dwarf-with-dsym";
				ENABLE_NS_ASSERTIONS = NO;
				ENABLE_STRICT_OBJC_MSGSEND = YES;
				ENABLE_USER_SCRIPT_SANDBOXING = YES;
				GCC_C_LANGUAGE_STANDARD = gnu17;
				GCC_NO_COMMON_BLOCKS = YES;
				GCC_WARN_64_TO_32_BIT_CONVERSION = YES;
				GCC_WARN_ABOUT_RETURN_TYPE = YES_ERROR;
				GCC_WARN_UNDECLARED_SELECTOR = YES;
				GCC_WARN_UNINITIALIZED_AUTOS = YES_AGGRESSIVE;
				GCC_WARN_UNUSED_FUNCTION = YES;
				GCC_WARN_UNUSED_VARIABLE = YES;
				IPHONEOS_DEPLOYMENT_TARGET = 18.2;
				LOCALIZATION_PREFERS_STRING_CATALOGS = YES;
				MTL_ENABLE_DEBUG_INFO = NO;
				MTL_FAST_MATH = YES;
				SDKROOT = iphoneos;
				SWIFT_COMPILATION_MODE = wholemodule;
				VALIDATE_PRODUCT = YES;
			};
			name = FirebaseRelease;
		};
		F019E6032D890A080044B824 /* FirebaseRelease */ = {
			isa = XCBuildConfiguration;
			buildSettings = {
				ASSETCATALOG_COMPILER_APPICON_NAME = AppIcon;
				ASSETCATALOG_COMPILER_GLOBAL_ACCENT_COLOR_NAME = AccentColor;
				CODE_SIGN_ENTITLEMENTS = TnearCICDTest/TnearCICDTest.entitlements;
				CODE_SIGN_IDENTITY = "Apple Development";
				CODE_SIGN_STYLE = Automatic;
				CURRENT_PROJECT_VERSION = 3;
				DEVELOPMENT_ASSET_PATHS = "\"TnearCICDTest/Preview Content\"";
				DEVELOPMENT_TEAM = 27WJDMWS6V;
				ENABLE_PREVIEWS = YES;
				GENERATE_INFOPLIST_FILE = YES;
				INFOPLIST_KEY_CFBundleDisplayName = "Tnear CI/CD - Test";
				INFOPLIST_KEY_UIApplicationSceneManifest_Generation = YES;
				INFOPLIST_KEY_UIApplicationSupportsIndirectInputEvents = YES;
				INFOPLIST_KEY_UILaunchScreen_Generation = YES;
				INFOPLIST_KEY_UISupportedInterfaceOrientations_iPad = "UIInterfaceOrientationPortrait UIInterfaceOrientationPortraitUpsideDown UIInterfaceOrientationLandscapeLeft UIInterfaceOrientationLandscapeRight";
				INFOPLIST_KEY_UISupportedInterfaceOrientations_iPhone = "UIInterfaceOrientationPortrait UIInterfaceOrientationLandscapeLeft UIInterfaceOrientationLandscapeRight";
				IPHONEOS_DEPLOYMENT_TARGET = 17.0;
				LD_RUNPATH_SEARCH_PATHS = (
					"$(inherited)",
					"@executable_path/Frameworks",
				);
				MARKETING_VERSION = 1.0.0;
				PRODUCT_BUNDLE_IDENTIFIER = com.idealapp.githubcicdtest;
				PRODUCT_NAME = "$(TARGET_NAME)";
				PROVISIONING_PROFILE_SPECIFIER = "";
				SWIFT_ACTIVE_COMPILATION_CONDITIONS = FIREBASE_DISTRIBUTION;
				SWIFT_EMIT_LOC_STRINGS = YES;
				SWIFT_VERSION = 5.0;
				TARGETED_DEVICE_FAMILY = "1,2";
			};
			name = FirebaseRelease;
		};
/* End XCBuildConfiguration section */

/* Begin XCConfigurationList section */
		F01307BD2D87FD1F00C4A04D /* Build configuration list for PBXProject "TnearCICDTest" */ = {
			isa = XCConfigurationList;
			buildConfigurations = (
				F01307E62D87FD2000C4A04D /* Debug */,
				F01307E72D87FD2000C4A04D /* Release */,
				F019E6022D890A080044B824 /* FirebaseRelease */,
			);
			defaultConfigurationIsVisible = 0;
			defaultConfigurationName = Release;
		};
		F01307E82D87FD2000C4A04D /* Build configuration list for PBXNativeTarget "TnearCICDTest" */ = {
			isa = XCConfigurationList;
			buildConfigurations = (
				F01307E92D87FD2000C4A04D /* Debug */,
				F01307EA2D87FD2000C4A04D /* Release */,
				F019E6032D890A080044B824 /* FirebaseRelease */,
			);
			defaultConfigurationIsVisible = 0;
			defaultConfigurationName = Release;
		};
/* End XCConfigurationList section */

/* Begin XCRemoteSwiftPackageReference section */
		F01307F22D88F2C500C4A04D /* XCRemoteSwiftPackageReference "firebase-ios-sdk" */ = {
			isa = XCRemoteSwiftPackageReference;
			repositoryURL = "https://github.com/firebase/firebase-ios-sdk";
			requirement = {
				kind = upToNextMajorVersion;
				minimumVersion = 11.10.0;
			};
		};
/* End XCRemoteSwiftPackageReference section */

/* Begin XCSwiftPackageProductDependency section */
		F01307F32D88F2C500C4A04D /* FirebaseAnalytics */ = {
			isa = XCSwiftPackageProductDependency;
			package = F01307F22D88F2C500C4A04D /* XCRemoteSwiftPackageReference "firebase-ios-sdk" */;
			productName = FirebaseAnalytics;
		};
		F01307F52D88F2C500C4A04D /* FirebaseCore */ = {
			isa = XCSwiftPackageProductDependency;
			package = F01307F22D88F2C500C4A04D /* XCRemoteSwiftPackageReference "firebase-ios-sdk" */;
			productName = FirebaseCore;
		};
		F01307F72D88F2C500C4A04D /* FirebaseDatabase */ = {
			isa = XCSwiftPackageProductDependency;
			package = F01307F22D88F2C500C4A04D /* XCRemoteSwiftPackageReference "firebase-ios-sdk" */;
			productName = FirebaseDatabase;
		};
		F01307F92D88F2C500C4A04D /* FirebaseMessaging */ = {
			isa = XCSwiftPackageProductDependency;
			package = F01307F22D88F2C500C4A04D /* XCRemoteSwiftPackageReference "firebase-ios-sdk" */;
			productName = FirebaseMessaging;
		};
		F01307FB2D88F2C500C4A04D /* FirebaseRemoteConfig */ = {
			isa = XCSwiftPackageProductDependency;
			package = F01307F22D88F2C500C4A04D /* XCRemoteSwiftPackageReference "firebase-ios-sdk" */;
			productName = FirebaseRemoteConfig;
		};
/* End XCSwiftPackageProductDependency section */
	};
	rootObject = F01307BA2D87FD1F00C4A04D /* Project object */;
}
